
Microsoft Visual Studio Solution File, Format Version 12.00
# Visual Studio Version 16
VisualStudioVersion = 25.0.1700.2
MinimumVisualStudioVersion = 10.0.40219.1
Project("{FAE04EC0-301F-11D3-BF4B-00C04F79EFBC}") = "StaticExercise", "StaticExercise\StaticExercise.csproj", "{BAC46BAC-8F34-4B6B-8B76-A3ED85B45544}"
EndProject
Global
	GlobalSection(SolutionConfigurationPlatforms) = preSolution
		Debug|Any CPU = Debug|Any CPU
		Release|Any CPU = Release|Any CPU
	EndGlobalSection
	GlobalSection(ProjectConfigurationPlatforms) = postSolution
		{BAC46BAC-8F34-4B6B-8B76-A3ED85B45544}.Debug|Any CPU.ActiveCfg = Debug|Any CPU
		{BAC46BAC-8F34-4B6B-8B76-A3ED85B45544}.Debug|Any CPU.Build.0 = Debug|Any CPU
		{BAC46BAC-8F34-4B6B-8B76-A3ED85B45544}.Release|Any CPU.ActiveCfg = Release|Any CPU
		{BAC46BAC-8F34-4B6B-8B76-A3ED85B45544}.Release|Any CPU.Build.0 = Release|Any CPU
	EndGlobalSection
	GlobalSection(SolutionProperties) = preSolution
		HideSolutionNode = FALSE
	EndGlobalSection
	GlobalSection(ExtensibilityGlobals) = postSolution
		SolutionGuid = {E1DE7ED9-1513-4E11-AEAF-BE3109E48DA7}
	EndGlobalSection
EndGlobal
